
Microsoft Visual Studio Solution File, Format Version 12.00
# Visual Studio Version 16
VisualStudioVersion = 16.0.31229.75
MinimumVisualStudioVersion = 10.0.40219.1
Project("{FAE04EC0-301F-11D3-BF4B-00C04F79EFBC}") = "DemoGeolocatorPlugin.UWP", "DemoGeolocatorPlugin\DemoGeolocatorPlugin.UWP\DemoGeolocatorPlugin.UWP.csproj", "{72A15F65-39B9-40AB-BA95-81C6EF6B285D}"
EndProject
Project("{FAE04EC0-301F-11D3-BF4B-00C04F79EFBC}") = "DemoGeolocatorPlugin.Android", "DemoGeolocatorPlugin\DemoGeolocatorPlugin.Android\DemoGeolocatorPlugin.Android.csproj", "{BD315829-0224-4172-8CD0-E4FB80D25D7E}"
EndProject
Project("{FAE04EC0-301F-11D3-BF4B-00C04F79EFBC}") = "DemoGeolocatorPlugin.iOS", "DemoGeolocatorPlugin\DemoGeolocatorPlugin.iOS\DemoGeolocatorPlugin.iOS.csproj", "{9299D185-AB2D-450F-BC4C-A4A92B10F264}"
EndProject
Project("{FAE04EC0-301F-11D3-BF4B-00C04F79EFBC}") = "DemoGeolocatorPlugin", "DemoGeolocatorPlugin\DemoGeolocatorPlugin\DemoGeolocatorPlugin.csproj", "{CC1F09C7-3111-49B0-8DA6-7927AE6C28BC}"
EndProject
Global
	GlobalSection(SolutionConfigurationPlatforms) = preSolution
		Debug|Any CPU = Debug|Any CPU
		Debug|ARM = Debug|ARM
		Debug|iPhone = Debug|iPhone
		Debug|iPhoneSimulator = Debug|iPhoneSimulator
		Debug|x64 = Debug|x64
		Debug|x86 = Debug|x86
		Release|Any CPU = Release|Any CPU
		Release|ARM = Release|ARM
		Release|iPhone = Release|iPhone
		Release|iPhoneSimulator = Release|iPhoneSimulator
		Release|x64 = Release|x64
		Release|x86 = Release|x86
	EndGlobalSection
	GlobalSection(ProjectConfigurationPlatforms) = postSolution
		{72A15F65-39B9-40AB-BA95-81C6EF6B285D}.Debug|Any CPU.ActiveCfg = Debug|x86
		{72A15F65-39B9-40AB-BA95-81C6EF6B285D}.Debug|Any CPU.Build.0 = Debug|x86
		{72A15F65-39B9-40AB-BA95-81C6EF6B285D}.Debug|Any CPU.Deploy.0 = Debug|x86
		{72A15F65-39B9-40AB-BA95-81C6EF6B285D}.Debug|ARM.ActiveCfg = Debug|ARM
		{72A15F65-39B9-40AB-BA95-81C6EF6B285D}.Debug|ARM.Build.0 = Debug|ARM
		{72A15F65-39B9-40AB-BA95-81C6EF6B285D}.Debug|ARM.Deploy.0 = Debug|ARM
		{72A15F65-39B9-40AB-BA95-81C6EF6B285D}.Debug|iPhone.ActiveCfg = Debug|x86
		{72A15F65-39B9-40AB-BA95-81C6EF6B285D}.Debug|iPhone.Build.0 = Debug|x86
		{72A15F65-39B9-40AB-BA95-81C6EF6B285D}.Debug|iPhone.Deploy.0 = Debug|x86
		{72A15F65-39B9-40AB-BA95-81C6EF6B285D}.Debug|iPhoneSimulator.ActiveCfg = Debug|x86
		{72A15F65-39B9-40AB-BA95-81C6EF6B285D}.Debug|iPhoneSimulator.Build.0 = Debug|x86
		{72A15F65-39B9-40AB-BA95-81C6EF6B285D}.Debug|iPhoneSimulator.Deploy.0 = Debug|x86
		{72A15F65-39B9-40AB-BA95-81C6EF6B285D}.Debug|x64.ActiveCfg = Debug|x64
		{72A15F65-39B9-40AB-BA95-81C6EF6B285D}.Debug|x64.Build.0 = Debug|x64
		{72A15F65-39B9-40AB-BA95-81C6EF6B285D}.Debug|x64.Deploy.0 = Debug|x64
		{72A15F65-39B9-40AB-BA95-81C6EF6B285D}.Debug|x86.ActiveCfg = Debug|x86
		{72A15F65-39B9-40AB-BA95-81C6EF6B285D}.Debug|x86.Build.0 = Debug|x86
		{72A15F65-39B9-40AB-BA95-81C6EF6B285D}.Debug|x86.Deploy.0 = Debug|x86
		{72A15F65-39B9-40AB-BA95-81C6EF6B285D}.Release|Any CPU.ActiveCfg = Release|x86
		{72A15F65-39B9-40AB-BA95-81C6EF6B285D}.Release|Any CPU.Build.0 = Release|x86
		{72A15F65-39B9-40AB-BA95-81C6EF6B285D}.Release|Any CPU.Deploy.0 = Release|x86
		{72A15F65-39B9-40AB-BA95-81C6EF6B285D}.Release|ARM.ActiveCfg = Release|ARM
		{72A15F65-39B9-40AB-BA95-81C6EF6B285D}.Release|ARM.Build.0 = Release|ARM
		{72A15F65-39B9-40AB-BA95-81C6EF6B285D}.Release|ARM.Deploy.0 = Release|ARM
		{72A15F65-39B9-40AB-BA95-81C6EF6B285D}.Release|iPhone.ActiveCfg = Release|x86
		{72A15F65-39B9-40AB-BA95-81C6EF6B285D}.Release|iPhone.Build.0 = Release|x86
		{72A15F65-39B9-40AB-BA95-81C6EF6B285D}.Release|iPhone.Deploy.0 = Release|x86
		{72A15F65-39B9-40AB-BA95-81C6EF6B285D}.Release|iPhoneSimulator.ActiveCfg = Release|x86
		{72A15F65-39B9-40AB-BA95-81C6EF6B285D}.Release|iPhoneSimulator.Build.0 = Release|x86
		{72A15F65-39B9-40AB-BA95-81C6EF6B285D}.Release|iPhoneSimulator.Deploy.0 = Release|x86
		{72A15F65-39B9-40AB-BA95-81C6EF6B285D}.Release|x64.ActiveCfg = Release|x64
		{72A15F65-39B9-40AB-BA95-81C6EF6B285D}.Release|x64.Build.0 = Release|x64
		{72A15F65-39B9-40AB-BA95-81C6EF6B285D}.Release|x64.Deploy.0 = Release|x64
		{72A15F65-39B9-40AB-BA95-81C6EF6B285D}.Release|x86.ActiveCfg = Release|x86
		{72A15F65-39B9-40AB-BA95-81C6EF6B285D}.Release|x86.Build.0 = Release|x86
		{72A15F65-39B9-40AB-BA95-81C6EF6B285D}.Release|x86.Deploy.0 = Release|x86
		{BD315829-0224-4172-8CD0-E4FB80D25D7E}.Debug|Any CPU.ActiveCfg = Debug|Any CPU
		{BD315829-0224-4172-8CD0-E4FB80D25D7E}.Debug|Any CPU.Build.0 = Debug|Any CPU
		{BD315829-0224-4172-8CD0-E4FB80D25D7E}.Debug|Any CPU.Deploy.0 = Debug|Any CPU
		{BD315829-0224-4172-8CD0-E4FB80D25D7E}.Debug|ARM.ActiveCfg = Debug|Any CPU
		{BD315829-0224-4172-8CD0-E4FB80D25D7E}.Debug|ARM.Build.0 = Debug|Any CPU
		{BD315829-0224-4172-8CD0-E4FB80D25D7E}.Debug|ARM.Deploy.0 = Debug|Any CPU
		{BD315829-0224-4172-8CD0-E4FB80D25D7E}.Debug|iPhone.ActiveCfg = Debug|Any CPU
		{BD315829-0224-4172-8CD0-E4FB80D25D7E}.Debug|iPhone.Build.0 = Debug|Any CPU
		{BD315829-0224-4172-8CD0-E4FB80D25D7E}.Debug|iPhone.Deploy.0 = Debug|Any CPU
		{BD315829-0224-4172-8CD0-E4FB80D25D7E}.Debug|iPhoneSimulator.ActiveCfg = Debug|Any CPU
		{BD315829-0224-4172-8CD0-E4FB80D25D7E}.Debug|iPhoneSimulator.Build.0 = Debug|Any CPU
		{BD315829-0224-4172-8CD0-E4FB80D25D7E}.Debug|iPhoneSimulator.Deploy.0 = Debug|Any CPU
		{BD315829-0224-4172-8CD0-E4FB80D25D7E}.Debug|x64.ActiveCfg = Debug|Any CPU
		{BD315829-0224-4172-8CD0-E4FB80D25D7E}.Debug|x64.Build.0 = Debug|Any CPU
		{BD315829-0224-4172-8CD0-E4FB80D25D7E}.Debug|x64.Deploy.0 = Debug|Any CPU
		{BD315829-0224-4172-8CD0-E4FB80D25D7E}.Debug|x86.ActiveCfg = Debug|Any CPU
		{BD315829-0224-4172-8CD0-E4FB80D25D7E}.Debug|x86.Build.0 = Debug|Any CPU
		{BD315829-0224-4172-8CD0-E4FB80D25D7E}.Debug|x86.Deploy.0 = Debug|Any CPU
		{BD315829-0224-4172-8CD0-E4FB80D25D7E}.Release|Any CPU.ActiveCfg = Release|Any CPU
		{BD315829-0224-4172-8CD0-E4FB80D25D7E}.Release|Any CPU.Build.0 = Release|Any CPU
		{BD315829-0224-4172-8CD0-E4FB80D25D7E}.Release|Any CPU.Deploy.0 = Release|Any CPU
		{BD315829-0224-4172-8CD0-E4FB80D25D7E}.Release|ARM.ActiveCfg = Release|Any CPU
		{BD315829-0224-4172-8CD0-E4FB80D25D7E}.Release|ARM.Build.0 = Release|Any CPU
		{BD315829-0224-4172-8CD0-E4FB80D25D7E}.Release|ARM.Deploy.0 = Release|Any CPU
		{BD315829-0224-4172-8CD0-E4FB80D25D7E}.Release|iPhone.ActiveCfg = Release|Any CPU
		{BD315829-0224-4172-8CD0-E4FB80D25D7E}.Release|iPhone.Build.0 = Release|Any CPU
		{BD315829-0224-4172-8CD0-E4FB80D25D7E}.Release|iPhone.Deploy.0 = Release|Any CPU
		{BD315829-0224-4172-8CD0-E4FB80D25D7E}.Release|iPhoneSimulator.ActiveCfg = Release|Any CPU
		{BD315829-0224-4172-8CD0-E4FB80D25D7E}.Release|iPhoneSimulator.Build.0 = Release|Any CPU
		{BD315829-0224-4172-8CD0-E4FB80D25D7E}.Release|iPhoneSimulator.Deploy.0 = Release|Any CPU
		{BD315829-0224-4172-8CD0-E4FB80D25D7E}.Release|x64.ActiveCfg = Release|Any CPU
		{BD315829-0224-4172-8CD0-E4FB80D25D7E}.Release|x64.Build.0 = Release|Any CPU
		{BD315829-0224-4172-8CD0-E4FB80D25D7E}.Release|x64.Deploy.0 = Release|Any CPU
		{BD315829-0224-4172-8CD0-E4FB80D25D7E}.Release|x86.ActiveCfg = Release|Any CPU
		{BD315829-0224-4172-8CD0-E4FB80D25D7E}.Release|x86.Build.0 = Release|Any CPU
		{BD315829-0224-4172-8CD0-E4FB80D25D7E}.Release|x86.Deploy.0 = Release|Any CPU
		{9299D185-AB2D-450F-BC4C-A4A92B10F264}.Debug|Any CPU.ActiveCfg = Debug|iPhoneSimulator
		{9299D185-AB2D-450F-BC4C-A4A92B10F264}.Debug|Any CPU.Build.0 = Debug|iPhoneSimulator
		{9299D185-AB2D-450F-BC4C-A4A92B10F264}.Debug|Any CPU.Deploy.0 = Debug|iPhoneSimulator
		{9299D185-AB2D-450F-BC4C-A4A92B10F264}.Debug|ARM.ActiveCfg = Debug|iPhone
		{9299D185-AB2D-450F-BC4C-A4A92B10F264}.Debug|ARM.Build.0 = Debug|iPhone
		{9299D185-AB2D-450F-BC4C-A4A92B10F264}.Debug|ARM.Deploy.0 = Debug|iPhone
		{9299D185-AB2D-450F-BC4C-A4A92B10F264}.Debug|iPhone.ActiveCfg = Debug|iPhone
		{9299D185-AB2D-450F-BC4C-A4A92B10F264}.Debug|iPhone.Build.0 = Debug|iPhone
		{9299D185-AB2D-450F-BC4C-A4A92B10F264}.Debug|iPhone.Deploy.0 = Debug|iPhone
		{9299D185-AB2D-450F-BC4C-A4A92B10F264}.Debug|iPhoneSimulator.ActiveCfg = Debug|iPhoneSimulator
		{9299D185-AB2D-450F-BC4C-A4A92B10F264}.Debug|iPhoneSimulator.Build.0 = Debug|iPhoneSimulator
		{9299D185-AB2D-450F-BC4C-A4A92B10F264}.Debug|iPhoneSimulator.Deploy.0 = Debug|iPhoneSimulator
		{9299D185-AB2D-450F-BC4C-A4A92B10F264}.Debug|x64.ActiveCfg = Debug|iPhoneSimulator
		{9299D185-AB2D-450F-BC4C-A4A92B10F264}.Debug|x64.Build.0 = Debug|iPhoneSimulator
		{9299D185-AB2D-450F-BC4C-A4A92B10F264}.Debug|x64.Deploy.0 = Debug|iPhoneSimulator
		{9299D185-AB2D-450F-BC4C-A4A92B10F264}.Debug|x86.ActiveCfg = Debug|iPhoneSimulator
		{9299D185-AB2D-450F-BC4C-A4A92B10F264}.Debug|x86.Build.0 = Debug|iPhoneSimulator
		{9299D185-AB2D-450F-BC4C-A4A92B10F264}.Debug|x86.Deploy.0 = Debug|iPhoneSimulator
		{9299D185-AB2D-450F-BC4C-A4A92B10F264}.Release|Any CPU.ActiveCfg = Release|iPhoneSimulator
		{9299D185-AB2D-450F-BC4C-A4A92B10F264}.Release|Any CPU.Build.0 = Release|iPhoneSimulator
		{9299D185-AB2D-450F-BC4C-A4A92B10F264}.Release|Any CPU.Deploy.0 = Release|iPhoneSimulator
		{9299D185-AB2D-450F-BC4C-A4A92B10F264}.Release|ARM.ActiveCfg = Release|iPhoneSimulator
		{9299D185-AB2D-450F-BC4C-A4A92B10F264}.Release|ARM.Build.0 = Release|iPhoneSimulator
		{9299D185-AB2D-450F-BC4C-A4A92B10F264}.Release|ARM.Deploy.0 = Release|iPhoneSimulator
		{9299D185-AB2D-450F-BC4C-A4A92B10F264}.Release|iPhone.ActiveCfg = Release|iPhone
		{9299D185-AB2D-450F-BC4C-A4A92B10F264}.Release|iPhone.Build.0 = Release|iPhone
		{9299D185-AB2D-450F-BC4C-A4A92B10F264}.Release|iPhone.Deploy.0 = Release|iPhone
		{9299D185-AB2D-450F-BC4C-A4A92B10F264}.Release|iPhoneSimulator.ActiveCfg = Release|iPhoneSimulator
		{9299D185-AB2D-450F-BC4C-A4A92B10F264}.Release|iPhoneSimulator.Build.0 = Release|iPhoneSimulator
		{9299D185-AB2D-450F-BC4C-A4A92B10F264}.Release|iPhoneSimulator.Deploy.0 = Release|iPhoneSimulator
		{9299D185-AB2D-450F-BC4C-A4A92B10F264}.Release|x64.ActiveCfg = Release|iPhoneSimulator
		{9299D185-AB2D-450F-BC4C-A4A92B10F264}.Release|x64.Build.0 = Release|iPhoneSimulator
		{9299D185-AB2D-450F-BC4C-A4A92B10F264}.Release|x64.Deploy.0 = Release|iPhoneSimulator
		{9299D185-AB2D-450F-BC4C-A4A92B10F264}.Release|x86.ActiveCfg = Release|iPhoneSimulator
		{9299D185-AB2D-450F-BC4C-A4A92B10F264}.Release|x86.Build.0 = Release|iPhoneSimulator
		{9299D185-AB2D-450F-BC4C-A4A92B10F264}.Release|x86.Deploy.0 = Release|iPhoneSimulator
		{CC1F09C7-3111-49B0-8DA6-7927AE6C28BC}.Debug|Any CPU.ActiveCfg = Debug|Any CPU
		{CC1F09C7-3111-49B0-8DA6-7927AE6C28BC}.Debug|Any CPU.Build.0 = Debug|Any CPU
		{CC1F09C7-3111-49B0-8DA6-7927AE6C28BC}.Debug|Any CPU.Deploy.0 = Debug|Any CPU
		{CC1F09C7-3111-49B0-8DA6-7927AE6C28BC}.Debug|ARM.ActiveCfg = Debug|Any CPU
		{CC1F09C7-3111-49B0-8DA6-7927AE6C28BC}.Debug|ARM.Build.0 = Debug|Any CPU
		{CC1F09C7-3111-49B0-8DA6-7927AE6C28BC}.Debug|ARM.Deploy.0 = Debug|Any CPU
		{CC1F09C7-3111-49B0-8DA6-7927AE6C28BC}.Debug|iPhone.ActiveCfg = Debug|Any CPU
		{CC1F09C7-3111-49B0-8DA6-7927AE6C28BC}.Debug|iPhone.Build.0 = Debug|Any CPU
		{CC1F09C7-3111-49B0-8DA6-7927AE6C28BC}.Debug|iPhone.Deploy.0 = Debug|Any CPU
		{CC1F09C7-3111-49B0-8DA6-7927AE6C28BC}.Debug|iPhoneSimulator.ActiveCfg = Debug|Any CPU
		{CC1F09C7-3111-49B0-8DA6-7927AE6C28BC}.Debug|iPhoneSimulator.Build.0 = Debug|Any CPU
		{CC1F09C7-3111-49B0-8DA6-7927AE6C28BC}.Debug|iPhoneSimulator.Deploy.0 = Debug|Any CPU
		{CC1F09C7-3111-49B0-8DA6-7927AE6C28BC}.Debug|x64.ActiveCfg = Debug|Any CPU
		{CC1F09C7-3111-49B0-8DA6-7927AE6C28BC}.Debug|x64.Build.0 = Debug|Any CPU
		{CC1F09C7-3111-49B0-8DA6-7927AE6C28BC}.Debug|x64.Deploy.0 = Debug|Any CPU
		{CC1F09C7-3111-49B0-8DA6-7927AE6C28BC}.Debug|x86.ActiveCfg = Debug|Any CPU
		{CC1F09C7-3111-49B0-8DA6-7927AE6C28BC}.Debug|x86.Build.0 = Debug|Any CPU
		{CC1F09C7-3111-49B0-8DA6-7927AE6C28BC}.Debug|x86.Deploy.0 = Debug|Any CPU
		{CC1F09C7-3111-49B0-8DA6-7927AE6C28BC}.Release|Any CPU.ActiveCfg = Release|Any CPU
		{CC1F09C7-3111-49B0-8DA6-7927AE6C28BC}.Release|Any CPU.Build.0 = Release|Any CPU
		{CC1F09C7-3111-49B0-8DA6-7927AE6C28BC}.Release|Any CPU.Deploy.0 = Release|Any CPU
		{CC1F09C7-3111-49B0-8DA6-7927AE6C28BC}.Release|ARM.ActiveCfg = Release|Any CPU
		{CC1F09C7-3111-49B0-8DA6-7927AE6C28BC}.Release|ARM.Build.0 = Release|Any CPU
		{CC1F09C7-3111-49B0-8DA6-7927AE6C28BC}.Release|ARM.Deploy.0 = Release|Any CPU
		{CC1F09C7-3111-49B0-8DA6-7927AE6C28BC}.Release|iPhone.ActiveCfg = Release|Any CPU
		{CC1F09C7-3111-49B0-8DA6-7927AE6C28BC}.Release|iPhone.Build.0 = Release|Any CPU
		{CC1F09C7-3111-49B0-8DA6-7927AE6C28BC}.Release|iPhone.Deploy.0 = Release|Any CPU
		{CC1F09C7-3111-49B0-8DA6-7927AE6C28BC}.Release|iPhoneSimulator.ActiveCfg = Release|Any CPU
		{CC1F09C7-3111-49B0-8DA6-7927AE6C28BC}.Release|iPhoneSimulator.Build.0 = Release|Any CPU
		{CC1F09C7-3111-49B0-8DA6-7927AE6C28BC}.Release|iPhoneSimulator.Deploy.0 = Release|Any CPU
		{CC1F09C7-3111-49B0-8DA6-7927AE6C28BC}.Release|x64.ActiveCfg = Release|Any CPU
		{CC1F09C7-3111-49B0-8DA6-7927AE6C28BC}.Release|x64.Build.0 = Release|Any CPU
		{CC1F09C7-3111-49B0-8DA6-7927AE6C28BC}.Release|x64.Deploy.0 = Release|Any CPU
		{CC1F09C7-3111-49B0-8DA6-7927AE6C28BC}.Release|x86.ActiveCfg = Release|Any CPU
		{CC1F09C7-3111-49B0-8DA6-7927AE6C28BC}.Release|x86.Build.0 = Release|Any CPU
		{CC1F09C7-3111-49B0-8DA6-7927AE6C28BC}.Release|x86.Deploy.0 = Release|Any CPU
	EndGlobalSection
	GlobalSection(SolutionProperties) = preSolution
		HideSolutionNode = FALSE
	EndGlobalSection
	GlobalSection(ExtensibilityGlobals) = postSolution
		SolutionGuid = {CC5C7556-2154-496D-9DCE-F95A02EC155D}
	EndGlobalSection
EndGlobal
